PODS:
  - Alamofire (4.7.2)
  - DisplaySwitcher (1.0.1)
  - Hero (1.2.0)
  - SDWebImage (4.3.3):
    - SDWebImage/Core (= 4.3.3)
  - SDWebImage/Core (4.3.3)
  - SwiftyJSON (4.1.0)

DEPENDENCIES:
  - Alamofire (~> 4.7)
  - DisplaySwitcher (~> 1.0)
  - Hero (from `https://github.com/lkzhao/Hero.git`, branch `master`)
  - SDWebImage (~> 4.0)
  - SwiftyJSON (~> 4.0)

SPEC REPOS:
  https://github.com/cocoapods/specs.git:
    - Alamofire
    - DisplaySwitcher
    - SDWebImage
    - SwiftyJSON

EXTERNAL SOURCES:
  Hero:
    :branch: master
    :git: https://github.com/lkzhao/Hero.git

CHECKOUT OPTIONS:
  Hero:
    :commit: 0918c287d2217b6cf4032d8133a7f2cb3026d626
    :git: https://github.com/lkzhao/Hero.git

SPEC CHECKSUMS:
  Alamofire: e4fa87002c137ba2d8d634d2c51fabcda0d5c223
  DisplaySwitcher: 5f725284c28cdf22ea7ba2eee8e8f7e7cb9cdf87
  Hero: be8356881052f1d7530042f3dc0a1bd26c7eb0ee
  SDWebImage: de4d90b5bff3571eae7bd16202b1f43135409fa5
  SwiftyJSON: c29297daf073d2aa016295d5809cdd68045c39b3

PODFILE CHECKSUM: bbb4bdf0cc060c401a7f85dc6e442d4c327a870f

COCOAPODS: 1.5.2
